
Microsoft Visual Studio Solution File, Format Version 12.00
# Visual Studio Version 16
VisualStudioVersion = 16.0.29001.49
MinimumVisualStudioVersion = 10.0.40219.1
Project("{FAE04EC0-301F-11D3-BF4B-00C04F79EFBC}") = "QuickBuy.Dominio", "QuickBuy.Dominio\QuickBuy.Dominio.csproj", "{8FC3D93C-EF75-44BE-A711-DAA40A6D699A}"
EndProject
Project("{FAE04EC0-301F-11D3-BF4B-00C04F79EFBC}") = "QuickBuy.Repositorio", "QuickBuy.Repositorio\QuickBuy.Repositorio.csproj", "{94878FCF-C691-447A-8020-004B5B850AEA}"
EndProject
Project("{FAE04EC0-301F-11D3-BF4B-00C04F79EFBC}") = "QuickBuy.Web", "QuickBuy.Web\QuickBuy.Web.csproj", "{F20D686A-5F5C-4ABA-9CD5-6C57B3C51871}"
EndProject
Global
	GlobalSection(SolutionConfigurationPlatforms) = preSolution
		Debug|Any CPU = Debug|Any CPU
		Release|Any CPU = Release|Any CPU
	EndGlobalSection
	GlobalSection(ProjectConfigurationPlatforms) = postSolution
		{8FC3D93C-EF75-44BE-A711-DAA40A6D699A}.Debug|Any CPU.ActiveCfg = Debug|Any CPU
		{8FC3D93C-EF75-44BE-A711-DAA40A6D699A}.Debug|Any CPU.Build.0 = Debug|Any CPU
		{8FC3D93C-EF75-44BE-A711-DAA40A6D699A}.Release|Any CPU.ActiveCfg = Release|Any CPU
		{8FC3D93C-EF75-44BE-A711-DAA40A6D699A}.Release|Any CPU.Build.0 = Release|Any CPU
		{94878FCF-C691-447A-8020-004B5B850AEA}.Debug|Any CPU.ActiveCfg = Debug|Any CPU
		{94878FCF-C691-447A-8020-004B5B850AEA}.Debug|Any CPU.Build.0 = Debug|Any CPU
		{94878FCF-C691-447A-8020-004B5B850AEA}.Release|Any CPU.ActiveCfg = Release|Any CPU
		{94878FCF-C691-447A-8020-004B5B850AEA}.Release|Any CPU.Build.0 = Release|Any CPU
		{F20D686A-5F5C-4ABA-9CD5-6C57B3C51871}.Debug|Any CPU.ActiveCfg = Debug|Any CPU
		{F20D686A-5F5C-4ABA-9CD5-6C57B3C51871}.Debug|Any CPU.Build.0 = Debug|Any CPU
		{F20D686A-5F5C-4ABA-9CD5-6C57B3C51871}.Release|Any CPU.ActiveCfg = Release|Any CPU
		{F20D686A-5F5C-4ABA-9CD5-6C57B3C51871}.Release|Any CPU.Build.0 = Release|Any CPU
	EndGlobalSection
	GlobalSection(SolutionProperties) = preSolution
		HideSolutionNode = FALSE
	EndGlobalSection
	GlobalSection(ExtensibilityGlobals) = postSolution
		SolutionGuid = {A751B087-4BBB-4FC7-AEE2-404BCB82FD1A}
	EndGlobalSection
EndGlobal
